PODS:
  - Flutter (1.0.0)
  - google_maps_flutter_ios (0.0.1):
    - Flutter
    - GoogleMaps (< 9.0)
  - GoogleMaps (7.4.0):
    - GoogleMaps/Maps (= 7.4.0)
  - GoogleMaps/Base (7.4.0)
  - GoogleMaps/Maps (7.4.0):
    - GoogleMaps/Base
  - location (0.0.1):
    - Flutter

DEPENDENCIES:
  - Flutter (from `Flutter`)
  - google_maps_flutter_ios (from `.symlinks/plugins/google_maps_flutter_ios/ios`)
  - location (from `.symlinks/plugins/location/ios`)

SPEC REPOS:
  trunk:
    - GoogleMaps

EXTERNAL SOURCES:
  Flutter:
    :path: Flutter
  google_maps_flutter_ios:
    :path: ".symlinks/plugins/google_maps_flutter_ios/ios"
  location:
    :path: ".symlinks/plugins/location/ios"

SPEC CHECKSUMS:
  Flutter: e0871f40cf51350855a761d2e70bf5af5b9b5de7
  google_maps_flutter_ios: f135b968a67c05679e0a53538e900b5c174b0d99
  GoogleMaps: 032f676450ba0779bd8ce16840690915f84e57ac
  location: d5cf8598915965547c3f36761ae9cc4f4e87d22e

PODFILE CHECKSUM: a57f30d18f102dd3ce366b1d62a55ecbef2158e5

COCOAPODS: 1.15.2
